
Microsoft Visual Studio Solution File, Format Version 10.00
# Visual C# Express 2008
Project("{FAE04EC0-301F-11D3-BF4B-00C04F79EFBC}") = "MindmapTrainer", "MindmapTrainer\MindmapTrainer.csproj", "{D0B2B0DC-EE2A-483B-B967-433F99640711}"
EndProject
Global
	GlobalSection(SolutionConfigurationPlatforms) = preSolution
		Debug|Any CPU = Debug|Any CPU
		Release|Any CPU = Release|Any CPU
	EndGlobalSection
	GlobalSection(ProjectConfigurationPlatforms) = postSolution
		{D0B2B0DC-EE2A-483B-B967-433F99640711}.Debug|Any CPU.ActiveCfg = Debug|Any CPU
		{D0B2B0DC-EE2A-483B-B967-433F99640711}.Debug|Any CPU.Build.0 = Debug|Any CPU
		{D0B2B0DC-EE2A-483B-B967-433F99640711}.Release|Any CPU.ActiveCfg = Release|Any CPU
		{D0B2B0DC-EE2A-483B-B967-433F99640711}.Release|Any CPU.Build.0 = Release|Any CPU
	EndGlobalSection
	GlobalSection(SolutionProperties) = preSolution
		HideSolutionNode = FALSE
	EndGlobalSection
EndGlobal
